// !$*UTF8*$!
{
	archiveVersion = 1;
	classes = {
	};
	objectVersion = 46;
	objects = {

/* Begin PBXBuildFile section */
		6D2612691D37F055001AB2FE /* AppDelegate.swift in Sources */ = {isa = PBXBuildFile; fileRef = 6D2612681D37F055001AB2FE /* AppDelegate.swift */; };
		6D26126B1D37F055001AB2FE /* ViewController.swift in Sources */ = {isa = PBXBuildFile; fileRef = 6D26126A1D37F055001AB2FE /* ViewController.swift */; };
		6D26126E1D37F055001AB2FE /* Main.storyboard in Resources */ = {isa = PBXBuildFile; fileRef = 6D26126C1D37F055001AB2FE /* Main.storyboard */; };
		6D2612701D37F055001AB2FE /* Assets.xcassets in Resources */ = {isa = PBXBuildFile; fileRef = 6D26126F1D37F055001AB2FE /* Assets.xcassets */; };
		6D2612731D37F055001AB2FE /* LaunchScreen.storyboard in Resources */ = {isa = PBXBuildFile; fileRef = 6D2612711D37F055001AB2FE /* LaunchScreen.storyboard */; };
		6D26127E1D37F055001AB2FE /* UICollectionViewIntoUITableViewTests.swift in Sources */ = {isa = PBXBuildFile; fileRef = 6D26127D1D37F055001AB2FE /* UICollectionViewIntoUITableViewTests.swift */; };
		6D2612891D37F055001AB2FE /* UICollectionViewIntoUITableViewUITests.swift in Sources */ = {isa = PBXBuildFile; fileRef = 6D2612881D37F055001AB2FE /* UICollectionViewIntoUITableViewUITests.swift */; };
/* End PBXBuildFile section */

/* Begin PBXContainerItemProxy section */
		6D26127A1D37F055001AB2FE /* PBXContainerItemProxy */ = {
			isa = PBXContainerItemProxy;
			containerPortal = 6D26125D1D37F055001AB2FE /* Project object */;
			proxyType = 1;
			remoteGlobalIDString = 6D2612641D37F055001AB2FE;
			remoteInfo = UICollectionViewIntoUITableView;
		};
		6D2612851D37F055001AB2FE /* PBXContainerItemProxy */ = {
			isa = PBXContainerItemProxy;
			containerPortal = 6D26125D1D37F055001AB2FE /* Project object */;
			proxyType = 1;
			remoteGlobalIDString = 6D2612641D37F055001AB2FE;
			remoteInfo = UICollectionViewIntoUITableView;
		};
/* End PBXContainerItemProxy section */

/* Begin PBXFileReference section */
		6D2612651D37F055001AB2FE /* UICollectionViewIntoUITableView.app */ = {isa = PBXFileReference; explicitFileType = wrapper.application; includeInIndex = 0; path = UICollectionViewIntoUITableView.app; sourceTree = BUILT_PRODUCTS_DIR; };
		6D2612681D37F055001AB2FE /* AppDelegate.swift */ = {isa = PBXFileReference; lastKnownFileType = sourcecode.swift; path = AppDelegate.swift; sourceTree = "<group>"; };
		6D26126A1D37F055001AB2FE /* ViewController.swift */ = {isa = PBXFileReference; lastKnownFileType = sourcecode.swift; path = ViewController.swift; sourceTree = "<group>"; };
		6D26126D1D37F055001AB2FE /* Base */ = {isa = PBXFileReference; lastKnownFileType = file.storyboard; name = Base; path = Base.lproj/Main.storyboard; sourceTree = "<group>"; };
		6D26126F1D37F055001AB2FE /* Assets.xcassets */ = {isa = PBXFileReference; lastKnownFileType = folder.assetcatalog; path = Assets.xcassets; sourceTree = "<group>"; };
		6D2612721D37F055001AB2FE /* Base */ = {isa = PBXFileReference; lastKnownFileType = file.storyboard; name = Base; path = Base.lproj/LaunchScreen.storyboard; sourceTree = "<group>"; };
		6D2612741D37F055001AB2FE /* Info.plist */ = {isa = PBXFileReference; lastKnownFileType = text.plist.xml; path = Info.plist; sourceTree = "<group>"; };
		6D2612791D37F055001AB2FE /* UICollectionViewIntoUITableViewTests.xctest */ = {isa = PBXFileReference; explicitFileType = wrapper.cfbundle; includeInIndex = 0; path = UICollectionViewIntoUITableViewTests.xctest; sourceTree = BUILT_PRODUCTS_DIR; };
		6D26127D1D37F055001AB2FE /* UICollectionViewIntoUITableViewTests.swift */ = {isa = PBXFileReference; lastKnownFileType = sourcecode.swift; path = UICollectionViewIntoUITableViewTests.swift; sourceTree = "<group>"; };
		6D26127F1D37F055001AB2FE /* Info.plist */ = {isa = PBXFileReference; lastKnownFileType = text.plist.xml; path = Info.plist; sourceTree = "<group>"; };
		6D2612841D37F055001AB2FE /* UICollectionViewIntoUITableViewUITests.xctest */ = {isa = PBXFileReference; explicitFileType = wrapper.cfbundle; includeInIndex = 0; path = UICollectionViewIntoUITableViewUITests.xctest; sourceTree = BUILT_PRODUCTS_DIR; };
		6D2612881D37F055001AB2FE /* UICollectionViewIntoUITableViewUITests.swift */ = {isa = PBXFileReference; lastKnownFileType = sourcecode.swift; path = UICollectionViewIntoUITableViewUITests.swift; sourceTree = "<group>"; };
		6D26128A1D37F055001AB2FE /* Info.plist */ = {isa = PBXFileReference; lastKnownFileType = text.plist.xml; path = Info.plist; sourceTree = "<group>"; };
/* End PBXFileReference section */

/* Begin PBXFrameworksBuildPhase section */
		6D2612621D37F055001AB2FE /* Frameworks */ = {
			isa = PBXFrameworksBuildPhase;
			buildActionMask = 2147483647;
			files = (
			);
			runOnlyForDeploymentPostprocessing = 0;
		};
		6D2612761D37F055001AB2FE /* Frameworks */ = {
			isa = PBXFrameworksBuildPhase;
			buildActionMask = 2147483647;
			files = (
			);
			runOnlyForDeploymentPostprocessing = 0;
		};
		6D2612811D37F055001AB2FE /* Frameworks */ = {
			isa = PBXFrameworksBuildPhase;
			buildActionMask = 2147483647;
			files = (
			);
			runOnlyForDeploymentPostprocessing = 0;
		};
/* End PBXFrameworksBuildPhase section */

/* Begin PBXGroup section */
		6D26125C1D37F055001AB2FE = {
			isa = PBXGroup;
			children = (
				6D2612671D37F055001AB2FE /* UICollectionViewIntoUITableView */,
				6D26127C1D37F055001AB2FE /* UICollectionViewIntoUITableViewTests */,
				6D2612871D37F055001AB2FE /* UICollectionViewIntoUITableViewUITests */,
				6D2612661D37F055001AB2FE /* Products */,
			);
			sourceTree = "<group>";
		};
		6D2612661D37F055001AB2FE /* Products */ = {
			isa = PBXGroup;
			children = (
				6D2612651D37F055001AB2FE /* UICollectionViewIntoUITableView.app */,
				6D2612791D37F055001AB2FE /* UICollectionViewIntoUITableViewTests.xctest */,
				6D2612841D37F055001AB2FE /* UICollectionViewIntoUITableViewUITests.xctest */,
			);
			name = Products;
			sourceTree = "<group>";
		};
		6D2612671D37F055001AB2FE /* UICollectionViewIntoUITableView */ = {
			isa = PBXGroup;
			children = (
				6D2612681D37F055001AB2FE /* AppDelegate.swift */,
				6D26126A1D37F055001AB2FE /* ViewController.swift */,
				6D26126C1D37F055001AB2FE /* Main.storyboard */,
				6D26126F1D37F055001AB2FE /* Assets.xcassets */,
				6D2612711D37F055001AB2FE /* LaunchScreen.storyboard */,
				6D2612741D37F055001AB2FE /* Info.plist */,
			);
			path = UICollectionViewIntoUITableView;
			sourceTree = "<group>";
		};
		6D26127C1D37F055001AB2FE /* UICollectionViewIntoUITableViewTests */ = {
			isa = PBXGroup;
			children = (
				6D26127D1D37F055001AB2FE /* UICollectionViewIntoUITableViewTests.swift */,
				6D26127F1D37F055001AB2FE /* Info.plist */,
			);
			path = UICollectionViewIntoUITableViewTests;
			sourceTree = "<group>";
		};
		6D2612871D37F055001AB2FE /* UICollectionViewIntoUITableViewUITests */ = {
			isa = PBXGroup;
			children = (
				6D2612881D37F055001AB2FE /* UICollectionViewIntoUITableViewUITests.swift */,
				6D26128A1D37F055001AB2FE /* Info.plist */,
			);
			path = UICollectionViewIntoUITableViewUITests;
			sourceTree = "<group>";
		};
/* End PBXGroup section */

/* Begin PBXNativeTarget section */
		6D2612641D37F055001AB2FE /* UICollectionViewIntoUITableView */ = {
			isa = PBXNativeTarget;
			buildConfigurationList = 6D26128D1D37F055001AB2FE /* Build configuration list for PBXNativeTarget "UICollectionViewIntoUITableView" */;
			buildPhases = (
				6D2612611D37F055001AB2FE /* Sources */,
				6D2612621D37F055001AB2FE /* Frameworks */,
				6D2612631D37F055001AB2FE /* Resources */,
			);
			buildRules = (
			);
			dependencies = (
			);
			name = UICollectionViewIntoUITableView;
			productName = UICollectionViewIntoUITableView;
			productReference = 6D2612651D37F055001AB2FE /* UICollectionViewIntoUITableView.app */;
			productType = "com.apple.product-type.application";
		};
		6D2612781D37F055001AB2FE /* UICollectionViewIntoUITableViewTests */ = {
			isa = PBXNativeTarget;
			buildConfigurationList = 6D2612901D37F055001AB2FE /* Build configuration list for PBXNativeTarget "UICollectionViewIntoUITableViewTests" */;
			buildPhases = (
				6D2612751D37F055001AB2FE /* Sources */,
				6D2612761D37F055001AB2FE /* Frameworks */,
				6D2612771D37F055001AB2FE /* Resources */,
			);
			buildRules = (
			);
			dependencies = (
				6D26127B1D37F055001AB2FE /* PBXTargetDependency */,
			);
			name = UICollectionViewIntoUITableViewTests;
			productName = UICollectionViewIntoUITableViewTests;
			productReference = 6D2612791D37F055001AB2FE /* UICollectionViewIntoUITableViewTests.xctest */;
			productType = "com.apple.product-type.bundle.unit-test";
		};
		6D2612831D37F055001AB2FE /* UICollectionViewIntoUITableViewUITests */ = {
			isa = PBXNativeTarget;
			buildConfigurationList = 6D2612931D37F055001AB2FE /* Build configuration list for PBXNativeTarget "UICollectionViewIntoUITableViewUITests" */;
			buildPhases = (
				6D2612801D37F055001AB2FE /* Sources */,
				6D2612811D37F055001AB2FE /* Frameworks */,
				6D2612821D37F055001AB2FE /* Resources */,
			);
			buildRules = (
			);
			dependencies = (
				6D2612861D37F055001AB2FE /* PBXTargetDependency */,
			);
			name = UICollectionViewIntoUITableViewUITests;
			productName = UICollectionViewIntoUITableViewUITests;
			productReference = 6D2612841D37F055001AB2FE /* UICollectionViewIntoUITableViewUITests.xctest */;
			productType = "com.apple.product-type.bundle.ui-testing";
		};
/* End PBXNativeTarget section */

/* Begin PBXProject section */
		6D26125D1D37F055001AB2FE /* Project object */ = {
			isa = PBXProject;
			attributes = {
				LastSwiftUpdateCheck = 0730;
				LastUpgradeCheck = 0730;
				ORGANIZATIONNAME = Steven_WATREMEZ;
				TargetAttributes = {
					6D2612641D37F055001AB2FE = {
						CreatedOnToolsVersion = 7.3.1;
					};
					6D2612781D37F055001AB2FE = {
						CreatedOnToolsVersion = 7.3.1;
						TestTargetID = 6D2612641D37F055001AB2FE;
					};
					6D2612831D37F055001AB2FE = {
						CreatedOnToolsVersion = 7.3.1;
						TestTargetID = 6D2612641D37F055001AB2FE;
					};
				};
			};
			buildConfigurationList = 6D2612601D37F055001AB2FE /* Build configuration list for PBXProject "UICollectionViewIntoUITableView" */;
			compatibilityVersion = "Xcode 3.2";
			developmentRegion = English;
			hasScannedForEncodings = 0;
			knownRegions = (
				en,
				Base,
			);
			mainGroup = 6D26125C1D37F055001AB2FE;
			productRefGroup = 6D2612661D37F055001AB2FE /* Products */;
			projectDirPath = "";
			projectRoot = "";
			targets = (
				6D2612641D37F055001AB2FE /* UICollectionViewIntoUITableView */,
				6D2612781D37F055001AB2FE /* UICollectionViewIntoUITableViewTests */,
				6D2612831D37F055001AB2FE /* UICollectionViewIntoUITableViewUITests */,
			);
		};
/* End PBXProject section */

/* Begin PBXResourcesBuildPhase section */
		6D2612631D37F055001AB2FE /* Resources */ = {
			isa = PBXResourcesBuildPhase;
			buildActionMask = 2147483647;
			files = (
				6D2612731D37F055001AB2FE /* LaunchScreen.storyboard in Resources */,
				6D2612701D37F055001AB2FE /* Assets.xcassets in Resources */,
				6D26126E1D37F055001AB2FE /* Main.storyboard in Resources */,
			);
			runOnlyForDeploymentPostprocessing = 0;
		};
		6D2612771D37F055001AB2FE /* Resources */ = {
			isa = PBXResourcesBuildPhase;
			buildActionMask = 2147483647;
			files = (
			);
			runOnlyForDeploymentPostprocessing = 0;
		};
		6D2612821D37F055001AB2FE /* Resources */ = {
			isa = PBXResourcesBuildPhase;
			buildActionMask = 2147483647;
			files = (
			);
			runOnlyForDeploymentPostprocessing = 0;
		};
/* End PBXResourcesBuildPhase section */

/* Begin PBXSourcesBuildPhase section */
		6D2612611D37F055001AB2FE /* Sources */ = {
			isa = PBXSourcesBuildPhase;
			buildActionMask = 2147483647;
			files = (
				6D26126B1D37F055001AB2FE /* ViewController.swift in Sources */,
				6D2612691D37F055001AB2FE /* AppDelegate.swift in Sources */,
			);
			runOnlyForDeploymentPostprocessing = 0;
		};
		6D2612751D37F055001AB2FE /* Sources */ = {
			isa = PBXSourcesBuildPhase;
			buildActionMask = 2147483647;
			files = (
				6D26127E1D37F055001AB2FE /* UICollectionViewIntoUITableViewTests.swift in Sources */,
			);
			runOnlyForDeploymentPostprocessing = 0;
		};
		6D2612801D37F055001AB2FE /* Sources */ = {
			isa = PBXSourcesBuildPhase;
			buildActionMask = 2147483647;
			files = (
				6D2612891D37F055001AB2FE /* UICollectionViewIntoUITableViewUITests.swift in Sources */,
			);
			runOnlyForDeploymentPostprocessing = 0;
		};
/* End PBXSourcesBuildPhase section */

/* Begin PBXTargetDependency section */
		6D26127B1D37F055001AB2FE /* PBXTargetDependency */ = {
			isa = PBXTargetDependency;
			target = 6D2612641D37F055001AB2FE /* UICollectionViewIntoUITableView */;
			targetProxy = 6D26127A1D37F055001AB2FE /* PBXContainerItemProxy */;
		};
		6D2612861D37F055001AB2FE /* PBXTargetDependency */ = {
			isa = PBXTargetDependency;
			target = 6D2612641D37F055001AB2FE /* UICollectionViewIntoUITableView */;
			targetProxy = 6D2612851D37F055001AB2FE /* PBXContainerItemProxy */;
		};
/* End PBXTargetDependency section */

/* Begin PBXVariantGroup section */
		6D26126C1D37F055001AB2FE /* Main.storyboard */ = {
			isa = PBXVariantGroup;
			children = (
				6D26126D1D37F055001AB2FE /* Base */,
			);
			name = Main.storyboard;
			sourceTree = "<group>";
		};
		6D2612711D37F055001AB2FE /* LaunchScreen.storyboard */ = {
			isa = PBXVariantGroup;
			children = (
				6D2612721D37F055001AB2FE /* Base */,
			);
			name = LaunchScreen.storyboard;
			sourceTree = "<group>";
		};
/* End PBXVariantGroup section */

/* Begin XCBuildConfiguration section */
		6D26128B1D37F055001AB2FE /* Debug */ = {
			isa = XCBuildConfiguration;
			buildSettings = {
				ALWAYS_SEARCH_USER_PATHS = NO;
				CLANG_ANALYZER_NONNULL = YES;
				CLANG_CXX_LANGUAGE_STANDARD = "gnu++0x";
				CLANG_CXX_LIBRARY = "libc++";
				CLANG_ENABLE_MODULES = YES;
				CLANG_ENABLE_OBJC_ARC = YES;
				CLANG_WARN_BOOL_CONVERSION = YES;
				CLANG_WARN_CONSTANT_CONVERSION = YES;
				CLANG_WARN_DIRECT_OBJC_ISA_USAGE = YES_ERROR;
				CLANG_WARN_EMPTY_BODY = YES;
				CLANG_WARN_ENUM_CONVERSION = YES;
				CLANG_WARN_INT_CONVERSION = YES;
				CLANG_WARN_OBJC_ROOT_CLASS = YES_ERROR;
				CLANG_WARN_UNREACHABLE_CODE = YES;
				CLANG_WARN__DUPLICATE_METHOD_MATCH = YES;
				"CODE_SIGN_IDENTITY[sdk=iphoneos*]" = "iPhone Developer";
				COPY_PHASE_STRIP = NO;
				DEBUG_INFORMATION_FORMAT = dwarf;
				ENABLE_STRICT_OBJC_MSGSEND = YES;
				ENABLE_TESTABILITY = YES;
				GCC_C_LANGUAGE_STANDARD = gnu99;
				GCC_DYNAMIC_NO_PIC = NO;
				GCC_NO_COMMON_BLOCKS = YES;
				GCC_OPTIMIZATION_LEVEL = 0;
				GCC_PREPROCESSOR_DEFINITIONS = (
					"DEBUG=1",
					"$(inherited)",
				);
				GCC_WARN_64_TO_32_BIT_CONVERSION = YES;
				GCC_WARN_ABOUT_RETURN_TYPE = YES_ERROR;
				GCC_WARN_UNDECLARED_SELECTOR = YES;
				GCC_WARN_UNINITIALIZED_AUTOS = YES_AGGRESSIVE;
				GCC_WARN_UNUSED_FUNCTION = YES;
				GCC_WARN_UNUSED_VARIABLE = YES;
				IPHONEOS_DEPLOYMENT_TARGET = 9.3;
				MTL_ENABLE_DEBUG_INFO = YES;
				ONLY_ACTIVE_ARCH = YES;
				SDKROOT = iphoneos;
				SWIFT_OPTIMIZATION_LEVEL = "-Onone";
				TARGETED_DEVICE_FAMILY = "1,2";
			};
			name = Debug;
		};
		6D26128C1D37F055001AB2FE /* Release */ = {
			isa = XCBuildConfiguration;
			buildSettings = {
				ALWAYS_SEARCH_USER_PATHS = NO;
				CLANG_ANALYZER_NONNULL = YES;
				CLANG_CXX_LANGUAGE_STANDARD = "gnu++0x";
				CLANG_CXX_LIBRARY = "libc++";
				CLANG_ENABLE_MODULES = YES;
				CLANG_ENABLE_OBJC_ARC = YES;
				CLANG_WARN_BOOL_CONVERSION = YES;
				CLANG_WARN_CONSTANT_CONVERSION = YES;
				CLANG_WARN_DIRECT_OBJC_ISA_USAGE = YES_ERROR;
				CLANG_WARN_EMPTY_BODY = YES;
				CLANG_WARN_ENUM_CONVERSION = YES;
				CLANG_WARN_INT_CONVERSION = YES;
				CLANG_WARN_OBJC_ROOT_CLASS = YES_ERROR;
				CLANG_WARN_UNREACHABLE_CODE = YES;
				CLANG_WARN__DUPLICATE_METHOD_MATCH = YES;
				"CODE_SIGN_IDENTITY[sdk=iphoneos*]" = "iPhone Developer";
				COPY_PHASE_STRIP = NO;
				DEBUG_INFORMATION_FORMAT = "dwarf-with-dsym";
				ENABLE_NS_ASSERTIONS = NO;
				ENABLE_STRICT_OBJC_MSGSEND = YES;
				GCC_C_LANGUAGE_STANDARD = gnu99;
				GCC_NO_COMMON_BLOCKS = YES;
				GCC_WARN_64_TO_32_BIT_CONVERSION = YES;
				GCC_WARN_ABOUT_RETURN_TYPE = YES_ERROR;
				GCC_WARN_UNDECLARED_SELECTOR = YES;
				GCC_WARN_UNINITIALIZED_AUTOS = YES_AGGRESSIVE;
				GCC_WARN_UNUSED_FUNCTION = YES;
				GCC_WARN_UNUSED_VARIABLE = YES;
				IPHONEOS_DEPLOYMENT_TARGET = 9.3;
				MTL_ENABLE_DEBUG_INFO = NO;
				SDKROOT = iphoneos;
				TARGETED_DEVICE_FAMILY = "1,2";
				VALIDATE_PRODUCT = YES;
			};
			name = Release;
		};
		6D26128E1D37F055001AB2FE /* Debug */ = {
			isa = XCBuildConfiguration;
			buildSettings = {
				ASSETCATALOG_COMPILER_APPICON_NAME = AppIcon;
				INFOPLIST_FILE = UICollectionViewIntoUITableView/Info.plist;
				LD_RUNPATH_SEARCH_PATHS = "$(inherited) @executable_path/Frameworks";
				PRODUCT_BUNDLE_IDENTIFIER = fr.watremez.UICollectionViewIntoUITableView;
				PRODUCT_NAME = "$(TARGET_NAME)";
			};
			name = Debug;
		};
		6D26128F1D37F055001AB2FE /* Release */ = {
			isa = XCBuildConfiguration;
			buildSettings = {
				ASSETCATALOG_COMPILER_APPICON_NAME = AppIcon;
				INFOPLIST_FILE = UICollectionViewIntoUITableView/Info.plist;
				LD_RUNPATH_SEARCH_PATHS = "$(inherited) @executable_path/Frameworks";
				PRODUCT_BUNDLE_IDENTIFIER = fr.watremez.UICollectionViewIntoUITableView;
				PRODUCT_NAME = "$(TARGET_NAME)";
			};
			name = Release;
		};
		6D2612911D37F055001AB2FE /* Debug */ = {
			isa = XCBuildConfiguration;
			buildSettings = {
				BUNDLE_LOADER = "$(TEST_HOST)";
				INFOPLIST_FILE = UICollectionViewIntoUITableViewTests/Info.plist;
				LD_RUNPATH_SEARCH_PATHS = "$(inherited) @executable_path/Frameworks @loader_path/Frameworks";
				PRODUCT_BUNDLE_IDENTIFIER = fr.watremez.UICollectionViewIntoUITableViewTests;
				PRODUCT_NAME = "$(TARGET_NAME)";
				TEST_HOST = "$(BUILT_PRODUCTS_DIR)/UICollectionViewIntoUITableView.app/UICollectionViewIntoUITableView";
			};
			name = Debug;
		};
		6D2612921D37F055001AB2FE /* Release */ = {
			isa = XCBuildConfiguration;
			buildSettings = {
				BUNDLE_LOADER = "$(TEST_HOST)";
				INFOPLIST_FILE = UICollectionViewIntoUITableViewTests/Info.plist;
				LD_RUNPATH_SEARCH_PATHS = "$(inherited) @executable_path/Frameworks @loader_path/Frameworks";
				PRODUCT_BUNDLE_IDENTIFIER = fr.watremez.UICollectionViewIntoUITableViewTests;
				PRODUCT_NAME = "$(TARGET_NAME)";
				TEST_HOST = "$(BUILT_PRODUCTS_DIR)/UICollectionViewIntoUITableView.app/UICollectionViewIntoUITableView";
			};
			name = Release;
		};
		6D2612941D37F055001AB2FE /* Debug */ = {
			isa = XCBuildConfiguration;
			buildSettings = {
				INFOPLIST_FILE = UICollectionViewIntoUITableViewUITests/Info.plist;
				LD_RUNPATH_SEARCH_PATHS = "$(inherited) @executable_path/Frameworks @loader_path/Frameworks";
				PRODUCT_BUNDLE_IDENTIFIER = fr.watremez.UICollectionViewIntoUITableViewUITests;
				PRODUCT_NAME = "$(TARGET_NAME)";
				TEST_TARGET_NAME = UICollectionViewIntoUITableView;
			};
			name = Debug;
		};
		6D2612951D37F055001AB2FE /* Release */ = {
			isa = XCBuildConfiguration;
			buildSettings = {
				INFOPLIST_FILE = UICollectionViewIntoUITableViewUITests/Info.plist;
				LD_RUNPATH_SEARCH_PATHS = "$(inherited) @executable_path/Frameworks @loader_path/Frameworks";
				PRODUCT_BUNDLE_IDENTIFIER = fr.watremez.UICollectionViewIntoUITableViewUITests;
				PRODUCT_NAME = "$(TARGET_NAME)";
				TEST_TARGET_NAME = UICollectionViewIntoUITableView;
			};
			name = Release;
		};
/* End XCBuildConfiguration section */

/* Begin XCConfigurationList section */
		6D2612601D37F055001AB2FE /* Build configuration list for PBXProject "UICollectionViewIntoUITableView" */ = {
			isa = XCConfigurationList;
			buildConfigurations = (
				6D26128B1D37F055001AB2FE /* Debug */,
				6D26128C1D37F055001AB2FE /* Release */,
			);
			defaultConfigurationIsVisible = 0;
			defaultConfigurationName = Release;
		};
		6D26128D1D37F055001AB2FE /* Build configuration list for PBXNativeTarget "UICollectionViewIntoUITableView" */ = {
			isa = XCConfigurationList;
			buildConfigurations = (
				6D26128E1D37F055001AB2FE /* Debug */,
				6D26128F1D37F055001AB2FE /* Release */,
			);
			defaultConfigurationIsVisible = 0;
		};
		6D2612901D37F055001AB2FE /* Build configuration list for PBXNativeTarget "UICollectionViewIntoUITableViewTests" */ = {
			isa = XCConfigurationList;
			buildConfigurations = (
				6D2612911D37F055001AB2FE /* Debug */,
				6D2612921D37F055001AB2FE /* Release */,
			);
			defaultConfigurationIsVisible = 0;
		};
		6D2612931D37F055001AB2FE /* Build configuration list for PBXNativeTarget "UICollectionViewIntoUITableViewUITests" */ = {
			isa = XCConfigurationList;
			buildConfigurations = (
				6D2612941D37F055001AB2FE /* Debug */,
				6D2612951D37F055001AB2FE /* Release */,
			);
			defaultConfigurationIsVisible = 0;
		};
/* End XCConfigurationList section */
	};
	rootObject = 6D26125D1D37F055001AB2FE /* Project object */;
}
